
Microsoft Visual Studio Solution File, Format Version 12.00
# Visual Studio Version 16
VisualStudioVersion = 16.0.31410.357
MinimumVisualStudioVersion = 10.0.40219.1
Project("{FAE04EC0-301F-11D3-BF4B-00C04F79EFBC}") = "Diff", "Diff\Diff.csproj", "{72800DCF-8666-4243-B15E-8ACD58C6A369}"
EndProject
Global
	GlobalSection(SolutionConfigurationPlatforms) = preSolution
		Debug|Any CPU = Debug|Any CPU
		Release|Any CPU = Release|Any CPU
	EndGlobalSection
	GlobalSection(ProjectConfigurationPlatforms) = postSolution
		{72800DCF-8666-4243-B15E-8ACD58C6A369}.Debug|Any CPU.ActiveCfg = Debug|Any CPU
		{72800DCF-8666-4243-B15E-8ACD58C6A369}.Debug|Any CPU.Build.0 = Debug|Any CPU
		{72800DCF-8666-4243-B15E-8ACD58C6A369}.Release|Any CPU.ActiveCfg = Release|Any CPU
		{72800DCF-8666-4243-B15E-8ACD58C6A369}.Release|Any CPU.Build.0 = Release|Any CPU
	EndGlobalSection
	GlobalSection(SolutionProperties) = preSolution
		HideSolutionNode = FALSE
	EndGlobalSection
	GlobalSection(ExtensibilityGlobals) = postSolution
		SolutionGuid = {EF3630CD-436A-4733-8139-E0D51CA7F703}
	EndGlobalSection
EndGlobal
